PODS:
  - Alamofire (5.10.0)
  - IQKeyboardManagerSwift (6.5.16)
  - KeychainSwift (19.0.0)
  - Kingfisher (6.3.1)
  - MobilliumBuilders (1.6.1)
  - MobilliumDateFormatter (1.3.0)
  - MobilliumUserDefaults (2.0.0)
  - QuickLayout (3.0.0)
  - Segmentio (4.1)
  - SKPhotoBrowser (7.1.0)
  - SwiftEntryKit (1.2.7):
    - QuickLayout (= 3.0.0)
  - SwiftGen (6.6.3)
  - SwiftLint (0.57.0)
  - TinyConstraints (4.0.2)

DEPENDENCIES:
  - Alamofire (~> 5.4)
  - IQKeyboardManagerSwift (~> 6.5)
  - KeychainSwift (~> 19.0)
  - Kingfisher (from `https://github.com/onevcat/Kingfisher.git`, branch `version6-xcode13`)
  - MobilliumBuilders (~> 1.4)
  - MobilliumDateFormatter (~> 1.2)
  - MobilliumUserDefaults (~> 2.0)
  - Segmentio (~> 4.1)
  - SKPhotoBrowser (~> 7.0)
  - SwiftEntryKit (~> 1.2)
  - SwiftGen (~> 6.5)
  - SwiftLint (~> 0.44)
  - TinyConstraints (~> 4.0)

SPEC REPOS:
  trunk:
    - Alamofire
    - IQKeyboardManagerSwift
    - KeychainSwift
    - MobilliumBuilders
    - MobilliumDateFormatter
    - MobilliumUserDefaults
    - QuickLayout
    - Segmentio
    - SKPhotoBrowser
    - SwiftEntryKit
    - SwiftGen
    - SwiftLint
    - TinyConstraints

EXTERNAL SOURCES:
  Kingfisher:
    :branch: version6-xcode13
    :git: https://github.com/onevcat/Kingfisher.git

CHECKOUT OPTIONS:
  Kingfisher:
    :commit: d0494dd78f7adf2d3526fdf3267176553020c041
    :git: https://github.com/onevcat/Kingfisher.git

SPEC CHECKSUMS:
  Alamofire: cd0b98508df05796dd2ff278f3bb055a631b5390
  IQKeyboardManagerSwift: 12d89768845bb77b55cc092ecc2b1f9370f06b76
  KeychainSwift: a06190cf933ad46b1e0abc3d77d29c06331715c7
  Kingfisher: 8b783c3d7be73a99b2172a743a5bc0a4dd331d79
  MobilliumBuilders: fe858e0098491eb989539ebe8ddf4d5f7db6809e
  MobilliumDateFormatter: 747bca02d30d51937ca48c58241ed3b2d230166e
  MobilliumUserDefaults: 002aa4bb663127d2dcc0814c17430c918a1e1445
  QuickLayout: 07b45a72b10083fee3f095990cfed1c1e7b27f0a
  Segmentio: ab29def64e1bff6e6e9b97671788a99bed3f1d9f
  SKPhotoBrowser: cd95b95a6f352fc2a50992721299f75ead77f9ab
  SwiftEntryKit: 537c92699d6034efb1ef9c32b11e0b37c97aa589
  SwiftGen: 4993cbf71cbc4886f775e26f8d5c3a1188ec9f99
  SwiftLint: eb47480d47c982481592c195c221d11013a679cc
  TinyConstraints: 7b7ccc0c485bb3bb47082138ff28bc33cd49897f

PODFILE CHECKSUM: 95c2639c64901729a5e63b4ee377c0a45ac3fc34

COCOAPODS: 1.15.2
